
Microsoft Visual Studio Solution File, Format Version 12.00
# Visual Studio Version 17
VisualStudioVersion = 17.7.34024.191
MinimumVisualStudioVersion = 10.0.40219.1
Project("{FAE04EC0-301F-11D3-BF4B-00C04F79EFBC}") = "LeetCodeSolutions", "LeetCodeSolutions.csproj", "{A2A7484C-03EE-4ACA-A8E4-F640BF1C4AEA}"
EndProject
Project("{FAE04EC0-301F-11D3-BF4B-00C04F79EFBC}") = "LeetCodeSolutions.UnitTests", "..\LeetCodeSolutions.UnitTests\LeetCodeSolutions.UnitTests.csproj", "{630D4399-1333-4A75-95BA-4FDFE72DC5E1}"
EndProject
Project("{2150E333-8FDC-42A3-9474-1A3956D46DE8}") = "Solution Items", "Solution Items", "{C6C1DB6A-7D4A-4C8A-85CB-94660AE2F711}"
	ProjectSection(SolutionItems) = preProject
		.editorconfig = .editorconfig
	EndProjectSection
EndProject
Global
	GlobalSection(SolutionConfigurationPlatforms) = preSolution
		Debug|Any CPU = Debug|Any CPU
		Release|Any CPU = Release|Any CPU
	EndGlobalSection
	GlobalSection(ProjectConfigurationPlatforms) = postSolution
		{A2A7484C-03EE-4ACA-A8E4-F640BF1C4AEA}.Debug|Any CPU.ActiveCfg = Debug|Any CPU
		{A2A7484C-03EE-4ACA-A8E4-F640BF1C4AEA}.Debug|Any CPU.Build.0 = Debug|Any CPU
		{A2A7484C-03EE-4ACA-A8E4-F640BF1C4AEA}.Release|Any CPU.ActiveCfg = Release|Any CPU
		{A2A7484C-03EE-4ACA-A8E4-F640BF1C4AEA}.Release|Any CPU.Build.0 = Release|Any CPU
		{630D4399-1333-4A75-95BA-4FDFE72DC5E1}.Debug|Any CPU.ActiveCfg = Debug|Any CPU
		{630D4399-1333-4A75-95BA-4FDFE72DC5E1}.Debug|Any CPU.Build.0 = Debug|Any CPU
		{630D4399-1333-4A75-95BA-4FDFE72DC5E1}.Release|Any CPU.ActiveCfg = Release|Any CPU
		{630D4399-1333-4A75-95BA-4FDFE72DC5E1}.Release|Any CPU.Build.0 = Release|Any CPU
	EndGlobalSection
	GlobalSection(SolutionProperties) = preSolution
		HideSolutionNode = FALSE
	EndGlobalSection
	GlobalSection(ExtensibilityGlobals) = postSolution
		SolutionGuid = {A0D0383A-1994-4A52-8204-9939AE022EA6}
	EndGlobalSection
EndGlobal
